# generated by rye
# use `rye lock` or `rye sync` to update this lockfile
#
# last locked with the following flags:
#   pre: false
#   features: []
#   all-features: false
#   with-sources: false

-e file:libro-client
annotated-types==0.7.0
    # via pydantic
attrs==24.2.0
    # via jsonschema
    # via referencing
fastjsonschema==2.20.0
    # via nbformat
importlib-metadata==8.5.0
    # via jupyter-client
jsonschema==4.23.0
    # via nbformat
jsonschema-specifications==2024.10.1
    # via jsonschema
jupyter-client==8.6.3
    # via libro-client
    # via nbclient
jupyter-core==5.7.2
    # via jupyter-client
    # via nbclient
    # via nbformat
nbclient==0.10.0
    # via libro-client
nbformat==5.10.4
    # via libro-client
    # via nbclient
platformdirs==4.3.6
    # via jupyter-core
pydantic==2.9.2
    # via libro-client
pydantic-core==2.23.4
    # via pydantic
python-dateutil==2.9.0.post0
    # via jupyter-client
pyzmq==26.2.0
    # via jupyter-client
referencing==0.35.1
    # via jsonschema
    # via jsonschema-specifications
rpds-py==0.21.0
    # via jsonschema
    # via referencing
six==1.16.0
    # via python-dateutil
tornado==6.4.1
    # via jupyter-client
traitlets==5.14.3
    # via jupyter-client
    # via jupyter-core
    # via nbclient
    # via nbformat
typing-extensions==4.12.2
    # via pydantic
    # via pydantic-core
zipp==3.20.2
    # via importlib-metadata
